
Microsoft Visual Studio Solution File, Format Version 12.00
# Visual Studio 15
VisualStudioVersion = 15.0.28307.329
MinimumVisualStudioVersion = 10.0.40219.1
Project("{2150E333-8FDC-42A3-9474-1A3956D46DE8}") = "View", "View", "{A999A1D1-D20F-4080-9250-39C419A7CEFB}"
EndProject
Project("{2150E333-8FDC-42A3-9474-1A3956D46DE8}") = "VIewModel", "VIewModel", "{E378320E-C939-4307-B80A-81B1E1EF6DED}"
EndProject
Project("{2150E333-8FDC-42A3-9474-1A3956D46DE8}") = "Model", "Model", "{EA1EE2AB-E6AD-479E-B4AF-13EC090B7677}"
EndProject
Project("{FAE04EC0-301F-11D3-BF4B-00C04F79EFBC}") = "Graphics", "View\Graphics\Graphics.csproj", "{6EAAE84C-8AFA-4C37-AF4D-CB142B92169E}"
EndProject
Project("{FAE04EC0-301F-11D3-BF4B-00C04F79EFBC}") = "ViewModelLib", "ViewModel\Intelligence\ViewModelLib.csproj", "{80269688-0F01-411D-9E36-46A3E9907B3C}"
EndProject
Project("{FAE04EC0-301F-11D3-BF4B-00C04F79EFBC}") = "PlayerLib", "Model\Player\PlayerLib.csproj", "{ED30B1DC-08CF-41E0-A082-5D1314449128}"
EndProject
Project("{FAE04EC0-301F-11D3-BF4B-00C04F79EFBC}") = "InterfaceLib", "Model\Interface\InterfaceLib.csproj", "{FA32DD37-7630-43F8-A978-89ABCF835FAC}"
EndProject
Global
	GlobalSection(SolutionConfigurationPlatforms) = preSolution
		Debug|Any CPU = Debug|Any CPU
		Release|Any CPU = Release|Any CPU
	EndGlobalSection
	GlobalSection(ProjectConfigurationPlatforms) = postSolution
		{6EAAE84C-8AFA-4C37-AF4D-CB142B92169E}.Debug|Any CPU.ActiveCfg = Debug|Any CPU
		{6EAAE84C-8AFA-4C37-AF4D-CB142B92169E}.Debug|Any CPU.Build.0 = Debug|Any CPU
		{6EAAE84C-8AFA-4C37-AF4D-CB142B92169E}.Release|Any CPU.ActiveCfg = Release|Any CPU
		{6EAAE84C-8AFA-4C37-AF4D-CB142B92169E}.Release|Any CPU.Build.0 = Release|Any CPU
		{80269688-0F01-411D-9E36-46A3E9907B3C}.Debug|Any CPU.ActiveCfg = Debug|Any CPU
		{80269688-0F01-411D-9E36-46A3E9907B3C}.Debug|Any CPU.Build.0 = Debug|Any CPU
		{80269688-0F01-411D-9E36-46A3E9907B3C}.Release|Any CPU.ActiveCfg = Release|Any CPU
		{80269688-0F01-411D-9E36-46A3E9907B3C}.Release|Any CPU.Build.0 = Release|Any CPU
		{ED30B1DC-08CF-41E0-A082-5D1314449128}.Debug|Any CPU.ActiveCfg = Debug|Any CPU
		{ED30B1DC-08CF-41E0-A082-5D1314449128}.Debug|Any CPU.Build.0 = Debug|Any CPU
		{ED30B1DC-08CF-41E0-A082-5D1314449128}.Release|Any CPU.ActiveCfg = Release|Any CPU
		{ED30B1DC-08CF-41E0-A082-5D1314449128}.Release|Any CPU.Build.0 = Release|Any CPU
		{FA32DD37-7630-43F8-A978-89ABCF835FAC}.Debug|Any CPU.ActiveCfg = Debug|Any CPU
		{FA32DD37-7630-43F8-A978-89ABCF835FAC}.Debug|Any CPU.Build.0 = Debug|Any CPU
		{FA32DD37-7630-43F8-A978-89ABCF835FAC}.Release|Any CPU.ActiveCfg = Release|Any CPU
		{FA32DD37-7630-43F8-A978-89ABCF835FAC}.Release|Any CPU.Build.0 = Release|Any CPU
	EndGlobalSection
	GlobalSection(SolutionProperties) = preSolution
		HideSolutionNode = FALSE
	EndGlobalSection
	GlobalSection(NestedProjects) = preSolution
		{6EAAE84C-8AFA-4C37-AF4D-CB142B92169E} = {A999A1D1-D20F-4080-9250-39C419A7CEFB}
		{80269688-0F01-411D-9E36-46A3E9907B3C} = {E378320E-C939-4307-B80A-81B1E1EF6DED}
		{ED30B1DC-08CF-41E0-A082-5D1314449128} = {EA1EE2AB-E6AD-479E-B4AF-13EC090B7677}
		{FA32DD37-7630-43F8-A978-89ABCF835FAC} = {EA1EE2AB-E6AD-479E-B4AF-13EC090B7677}
	EndGlobalSection
	GlobalSection(ExtensibilityGlobals) = postSolution
		SolutionGuid = {1F073D5B-BC6E-45B8-A9FB-6B0D686D109A}
	EndGlobalSection
EndGlobal
